
Microsoft Visual Studio Solution File, Format Version 12.00
# Visual Studio 2015
Project("{FAE04EC0-301F-11D3-BF4B-00C04F79EFBC}") = "UnityVS.Unity-RTS-Tweak.CSharp", "UnityVS.Unity-RTS-Tweak.CSharp.csproj", "{70BFF965-63E5-013D-9DA4-058C69675B7D}"
EndProject
Global
	GlobalSection(SolutionConfigurationPlatforms) = preSolution
		Debug|Any CPU = Debug|Any CPU
		Release|Any CPU = Release|Any CPU
	EndGlobalSection
	GlobalSection(ProjectConfigurationPlatforms) = postSolution
		{70BFF965-63E5-013D-9DA4-058C69675B7D}.Debug|Any CPU.ActiveCfg = Debug|Any CPU
		{70BFF965-63E5-013D-9DA4-058C69675B7D}.Debug|Any CPU.Build.0 = Debug|Any CPU
		{70BFF965-63E5-013D-9DA4-058C69675B7D}.Release|Any CPU.ActiveCfg = Release|Any CPU
		{70BFF965-63E5-013D-9DA4-058C69675B7D}.Release|Any CPU.Build.0 = Release|Any CPU
	EndGlobalSection
	GlobalSection(SolutionProperties) = preSolution
		HideSolutionNode = FALSE
	EndGlobalSection
EndGlobal
